// !$*UTF8*$!
{
	archiveVersion = 1;
	classes = {
	};
	objectVersion = 46;
	objects = {

/* Begin PBXBuildFile section */
		29B320091B2C2272000B9BED /* main.m in Sources */ = {isa = PBXBuildFile; fileRef = 29B320081B2C2272000B9BED /* main.m */; };
		29B3200C1B2C2272000B9BED /* AppDelegate.m in Sources */ = {isa = PBXBuildFile; fileRef = 29B3200B1B2C2272000B9BED /* AppDelegate.m */; };
		29B3200F1B2C2272000B9BED /* ViewController.m in Sources */ = {isa = PBXBuildFile; fileRef = 29B3200E1B2C2272000B9BED /* ViewController.m */; };
		29B320121B2C2272000B9BED /* Main.storyboard in Resources */ = {isa = PBXBuildFile; fileRef = 29B320101B2C2272000B9BED /* Main.storyboard */; };
		29B320141B2C2272000B9BED /* Images.xcassets in Resources */ = {isa = PBXBuildFile; fileRef = 29B320131B2C2272000B9BED /* Images.xcassets */; };
		29B320171B2C2272000B9BED /* LaunchScreen.xib in Resources */ = {isa = PBXBuildFile; fileRef = 29B320151B2C2272000B9BED /* LaunchScreen.xib */; };
		29B320231B2C2272000B9BED /* RottenTomatoesTests.m in Sources */ = {isa = PBXBuildFile; fileRef = 29B320221B2C2272000B9BED /* RottenTomatoesTests.m */; };
/* End PBXBuildFile section */

/* Begin PBXContainerItemProxy section */
		29B3201D1B2C2272000B9BED /* PBXContainerItemProxy */ = {
			isa = PBXContainerItemProxy;
			containerPortal = 29B31FFB1B2C2272000B9BED /* Project object */;
			proxyType = 1;
			remoteGlobalIDString = 29B320021B2C2272000B9BED;
			remoteInfo = RottenTomatoes;
		};
/* End PBXContainerItemProxy section */

/* Begin PBXFileReference section */
		29B320031B2C2272000B9BED /* RottenTomatoes.app */ = {isa = PBXFileReference; explicitFileType = wrapper.application; includeInIndex = 0; path = RottenTomatoes.app; sourceTree = BUILT_PRODUCTS_DIR; };
		29B320071B2C2272000B9BED /* Info.plist */ = {isa = PBXFileReference; lastKnownFileType = text.plist.xml; path = Info.plist; sourceTree = "<group>"; };
		29B320081B2C2272000B9BED /* main.m */ = {isa = PBXFileReference; lastKnownFileType = sourcecode.c.objc; path = main.m; sourceTree = "<group>"; };
		29B3200A1B2C2272000B9BED /* AppDelegate.h */ = {isa = PBXFileReference; lastKnownFileType = sourcecode.c.h; path = AppDelegate.h; sourceTree = "<group>"; };
		29B3200B1B2C2272000B9BED /* AppDelegate.m */ = {isa = PBXFileReference; lastKnownFileType = sourcecode.c.objc; path = AppDelegate.m; sourceTree = "<group>"; };
		29B3200D1B2C2272000B9BED /* ViewController.h */ = {isa = PBXFileReference; lastKnownFileType = sourcecode.c.h; path = ViewController.h; sourceTree = "<group>"; };
		29B3200E1B2C2272000B9BED /* ViewController.m */ = {isa = PBXFileReference; lastKnownFileType = sourcecode.c.objc; path = ViewController.m; sourceTree = "<group>"; };
		29B320111B2C2272000B9BED /* Base */ = {isa = PBXFileReference; lastKnownFileType = file.storyboard; name = Base; path = Base.lproj/Main.storyboard; sourceTree = "<group>"; };
		29B320131B2C2272000B9BED /* Images.xcassets */ = {isa = PBXFileReference; lastKnownFileType = folder.assetcatalog; path = Images.xcassets; sourceTree = "<group>"; };
		29B320161B2C2272000B9BED /* Base */ = {isa = PBXFileReference; lastKnownFileType = file.xib; name = Base; path = Base.lproj/LaunchScreen.xib; sourceTree = "<group>"; };
		29B3201C1B2C2272000B9BED /* RottenTomatoesTests.xctest */ = {isa = PBXFileReference; explicitFileType = wrapper.cfbundle; includeInIndex = 0; path = RottenTomatoesTests.xctest; sourceTree = BUILT_PRODUCTS_DIR; };
		29B320211B2C2272000B9BED /* Info.plist */ = {isa = PBXFileReference; lastKnownFileType = text.plist.xml; path = Info.plist; sourceTree = "<group>"; };
		29B320221B2C2272000B9BED /* RottenTomatoesTests.m */ = {isa = PBXFileReference; lastKnownFileType = sourcecode.c.objc; path = RottenTomatoesTests.m; sourceTree = "<group>"; };
/* End PBXFileReference section */

/* Begin PBXFrameworksBuildPhase section */
		29B320001B2C2272000B9BED /* Frameworks */ = {
			isa = PBXFrameworksBuildPhase;
			buildActionMask = 2147483647;
			files = (
			);
			runOnlyForDeploymentPostprocessing = 0;
		};
		29B320191B2C2272000B9BED /* Frameworks */ = {
			isa = PBXFrameworksBuildPhase;
			buildActionMask = 2147483647;
			files = (
			);
			runOnlyForDeploymentPostprocessing = 0;
		};
/* End PBXFrameworksBuildPhase section */

/* Begin PBXGroup section */
		29B31FFA1B2C2272000B9BED = {
			isa = PBXGroup;
			children = (
				29B320051B2C2272000B9BED /* RottenTomatoes */,
				29B3201F1B2C2272000B9BED /* RottenTomatoesTests */,
				29B320041B2C2272000B9BED /* Products */,
			);
			sourceTree = "<group>";
		};
		29B320041B2C2272000B9BED /* Products */ = {
			isa = PBXGroup;
			children = (
				29B320031B2C2272000B9BED /* RottenTomatoes.app */,
				29B3201C1B2C2272000B9BED /* RottenTomatoesTests.xctest */,
			);
			name = Products;
			sourceTree = "<group>";
		};
		29B320051B2C2272000B9BED /* RottenTomatoes */ = {
			isa = PBXGroup;
			children = (
				29B3200A1B2C2272000B9BED /* AppDelegate.h */,
				29B3200B1B2C2272000B9BED /* AppDelegate.m */,
				29B3200D1B2C2272000B9BED /* ViewController.h */,
				29B3200E1B2C2272000B9BED /* ViewController.m */,
				29B320101B2C2272000B9BED /* Main.storyboard */,
				29B320131B2C2272000B9BED /* Images.xcassets */,
				29B320151B2C2272000B9BED /* LaunchScreen.xib */,
				29B320061B2C2272000B9BED /* Supporting Files */,
			);
			path = RottenTomatoes;
			sourceTree = "<group>";
		};
		29B320061B2C2272000B9BED /* Supporting Files */ = {
			isa = PBXGroup;
			children = (
				29B320071B2C2272000B9BED /* Info.plist */,
				29B320081B2C2272000B9BED /* main.m */,
			);
			name = "Supporting Files";
			sourceTree = "<group>";
		};
		29B3201F1B2C2272000B9BED /* RottenTomatoesTests */ = {
			isa = PBXGroup;
			children = (
				29B320221B2C2272000B9BED /* RottenTomatoesTests.m */,
				29B320201B2C2272000B9BED /* Supporting Files */,
			);
			path = RottenTomatoesTests;
			sourceTree = "<group>";
		};
		29B320201B2C2272000B9BED /* Supporting Files */ = {
			isa = PBXGroup;
			children = (
				29B320211B2C2272000B9BED /* Info.plist */,
			);
			name = "Supporting Files";
			sourceTree = "<group>";
		};
/* End PBXGroup section */

/* Begin PBXNativeTarget section */
		29B320021B2C2272000B9BED /* RottenTomatoes */ = {
			isa = PBXNativeTarget;
			buildConfigurationList = 29B320261B2C2272000B9BED /* Build configuration list for PBXNativeTarget "RottenTomatoes" */;
			buildPhases = (
				29B31FFF1B2C2272000B9BED /* Sources */,
				29B320001B2C2272000B9BED /* Frameworks */,
				29B320011B2C2272000B9BED /* Resources */,
			);
			buildRules = (
			);
			dependencies = (
			);
			name = RottenTomatoes;
			productName = RottenTomatoes;
			productReference = 29B320031B2C2272000B9BED /* RottenTomatoes.app */;
			productType = "com.apple.product-type.application";
		};
		29B3201B1B2C2272000B9BED /* RottenTomatoesTests */ = {
			isa = PBXNativeTarget;
			buildConfigurationList = 29B320291B2C2272000B9BED /* Build configuration list for PBXNativeTarget "RottenTomatoesTests" */;
			buildPhases = (
				29B320181B2C2272000B9BED /* Sources */,
				29B320191B2C2272000B9BED /* Frameworks */,
				29B3201A1B2C2272000B9BED /* Resources */,
			);
			buildRules = (
			);
			dependencies = (
				29B3201E1B2C2272000B9BED /* PBXTargetDependency */,
			);
			name = RottenTomatoesTests;
			productName = RottenTomatoesTests;
			productReference = 29B3201C1B2C2272000B9BED /* RottenTomatoesTests.xctest */;
			productType = "com.apple.product-type.bundle.unit-test";
		};
/* End PBXNativeTarget section */

/* Begin PBXProject section */
		29B31FFB1B2C2272000B9BED /* Project object */ = {
			isa = PBXProject;
			attributes = {
				LastUpgradeCheck = 0630;
				ORGANIZATIONNAME = "Saker Lin";
				TargetAttributes = {
					29B320021B2C2272000B9BED = {
						CreatedOnToolsVersion = 6.3.2;
					};
					29B3201B1B2C2272000B9BED = {
						CreatedOnToolsVersion = 6.3.2;
						TestTargetID = 29B320021B2C2272000B9BED;
					};
				};
			};
			buildConfigurationList = 29B31FFE1B2C2272000B9BED /* Build configuration list for PBXProject "RottenTomatoes" */;
			compatibilityVersion = "Xcode 3.2";
			developmentRegion = English;
			hasScannedForEncodings = 0;
			knownRegions = (
				en,
				Base,
			);
			mainGroup = 29B31FFA1B2C2272000B9BED;
			productRefGroup = 29B320041B2C2272000B9BED /* Products */;
			projectDirPath = "";
			projectRoot = "";
			targets = (
				29B320021B2C2272000B9BED /* RottenTomatoes */,
				29B3201B1B2C2272000B9BED /* RottenTomatoesTests */,
			);
		};
/* End PBXProject section */

/* Begin PBXResourcesBuildPhase section */
		29B320011B2C2272000B9BED /* Resources */ = {
			isa = PBXResourcesBuildPhase;
			buildActionMask = 2147483647;
			files = (
				29B320121B2C2272000B9BED /* Main.storyboard in Resources */,
				29B320171B2C2272000B9BED /* LaunchScreen.xib in Resources */,
				29B320141B2C2272000B9BED /* Images.xcassets in Resources */,
			);
			runOnlyForDeploymentPostprocessing = 0;
		};
		29B3201A1B2C2272000B9BED /* Resources */ = {
			isa = PBXResourcesBuildPhase;
			buildActionMask = 2147483647;
			files = (
			);
			runOnlyForDeploymentPostprocessing = 0;
		};
/* End PBXResourcesBuildPhase section */

/* Begin PBXSourcesBuildPhase section */
		29B31FFF1B2C2272000B9BED /* Sources */ = {
			isa = PBXSourcesBuildPhase;
			buildActionMask = 2147483647;
			files = (
				29B3200F1B2C2272000B9BED /* ViewController.m in Sources */,
				29B3200C1B2C2272000B9BED /* AppDelegate.m in Sources */,
				29B320091B2C2272000B9BED /* main.m in Sources */,
			);
			runOnlyForDeploymentPostprocessing = 0;
		};
		29B320181B2C2272000B9BED /* Sources */ = {
			isa = PBXSourcesBuildPhase;
			buildActionMask = 2147483647;
			files = (
				29B320231B2C2272000B9BED /* RottenTomatoesTests.m in Sources */,
			);
			runOnlyForDeploymentPostprocessing = 0;
		};
/* End PBXSourcesBuildPhase section */

/* Begin PBXTargetDependency section */
		29B3201E1B2C2272000B9BED /* PBXTargetDependency */ = {
			isa = PBXTargetDependency;
			target = 29B320021B2C2272000B9BED /* RottenTomatoes */;
			targetProxy = 29B3201D1B2C2272000B9BED /* PBXContainerItemProxy */;
		};
/* End PBXTargetDependency section */

/* Begin PBXVariantGroup section */
		29B320101B2C2272000B9BED /* Main.storyboard */ = {
			isa = PBXVariantGroup;
			children = (
				29B320111B2C2272000B9BED /* Base */,
			);
			name = Main.storyboard;
			sourceTree = "<group>";
		};
		29B320151B2C2272000B9BED /* LaunchScreen.xib */ = {
			isa = PBXVariantGroup;
			children = (
				29B320161B2C2272000B9BED /* Base */,
			);
			name = LaunchScreen.xib;
			sourceTree = "<group>";
		};
/* End PBXVariantGroup section */

/* Begin XCBuildConfiguration section */
		29B320241B2C2272000B9BED /* Debug */ = {
			isa = XCBuildConfiguration;
			buildSettings = {
				ALWAYS_SEARCH_USER_PATHS = NO;
				CLANG_CXX_LANGUAGE_STANDARD = "gnu++0x";
				CLANG_CXX_LIBRARY = "libc++";
				CLANG_ENABLE_MODULES = YES;
				CLANG_ENABLE_OBJC_ARC = YES;
				CLANG_WARN_BOOL_CONVERSION = YES;
				CLANG_WARN_CONSTANT_CONVERSION = YES;
				CLANG_WARN_DIRECT_OBJC_ISA_USAGE = YES_ERROR;
				CLANG_WARN_EMPTY_BODY = YES;
				CLANG_WARN_ENUM_CONVERSION = YES;
				CLANG_WARN_INT_CONVERSION = YES;
				CLANG_WARN_OBJC_ROOT_CLASS = YES_ERROR;
				CLANG_WARN_UNREACHABLE_CODE = YES;
				CLANG_WARN__DUPLICATE_METHOD_MATCH = YES;
				"CODE_SIGN_IDENTITY[sdk=iphoneos*]" = "iPhone Developer";
				COPY_PHASE_STRIP = NO;
				DEBUG_INFORMATION_FORMAT = "dwarf-with-dsym";
				ENABLE_STRICT_OBJC_MSGSEND = YES;
				GCC_C_LANGUAGE_STANDARD = gnu99;
				GCC_DYNAMIC_NO_PIC = NO;
				GCC_NO_COMMON_BLOCKS = YES;
				GCC_OPTIMIZATION_LEVEL = 0;
				GCC_PREPROCESSOR_DEFINITIONS = (
					"DEBUG=1",
					"$(inherited)",
				);
				GCC_SYMBOLS_PRIVATE_EXTERN = NO;
				GCC_WARN_64_TO_32_BIT_CONVERSION = YES;
				GCC_WARN_ABOUT_RETURN_TYPE = YES_ERROR;
				GCC_WARN_UNDECLARED_SELECTOR = YES;
				GCC_WARN_UNINITIALIZED_AUTOS = YES_AGGRESSIVE;
				GCC_WARN_UNUSED_FUNCTION = YES;
				GCC_WARN_UNUSED_VARIABLE = YES;
				IPHONEOS_DEPLOYMENT_TARGET = 8.3;
				MTL_ENABLE_DEBUG_INFO = YES;
				ONLY_ACTIVE_ARCH = YES;
				SDKROOT = iphoneos;
			};
			name = Debug;
		};
		29B320251B2C2272000B9BED /* Release */ = {
			isa = XCBuildConfiguration;
			buildSettings = {
				ALWAYS_SEARCH_USER_PATHS = NO;
				CLANG_CXX_LANGUAGE_STANDARD = "gnu++0x";
				CLANG_CXX_LIBRARY = "libc++";
				CLANG_ENABLE_MODULES = YES;
				CLANG_ENABLE_OBJC_ARC = YES;
				CLANG_WARN_BOOL_CONVERSION = YES;
				CLANG_WARN_CONSTANT_CONVERSION = YES;
				CLANG_WARN_DIRECT_OBJC_ISA_USAGE = YES_ERROR;
				CLANG_WARN_EMPTY_BODY = YES;
				CLANG_WARN_ENUM_CONVERSION = YES;
				CLANG_WARN_INT_CONVERSION = YES;
				CLANG_WARN_OBJC_ROOT_CLASS = YES_ERROR;
				CLANG_WARN_UNREACHABLE_CODE = YES;
				CLANG_WARN__DUPLICATE_METHOD_MATCH = YES;
				"CODE_SIGN_IDENTITY[sdk=iphoneos*]" = "iPhone Developer";
				COPY_PHASE_STRIP = NO;
				DEBUG_INFORMATION_FORMAT = "dwarf-with-dsym";
				ENABLE_NS_ASSERTIONS = NO;
				ENABLE_STRICT_OBJC_MSGSEND = YES;
				GCC_C_LANGUAGE_STANDARD = gnu99;
				GCC_NO_COMMON_BLOCKS = YES;
				GCC_WARN_64_TO_32_BIT_CONVERSION = YES;
				GCC_WARN_ABOUT_RETURN_TYPE = YES_ERROR;
				GCC_WARN_UNDECLARED_SELECTOR = YES;
				GCC_WARN_UNINITIALIZED_AUTOS = YES_AGGRESSIVE;
				GCC_WARN_UNUSED_FUNCTION = YES;
				GCC_WARN_UNUSED_VARIABLE = YES;
				IPHONEOS_DEPLOYMENT_TARGET = 8.3;
				MTL_ENABLE_DEBUG_INFO = NO;
				SDKROOT = iphoneos;
				VALIDATE_PRODUCT = YES;
			};
			name = Release;
		};
		29B320271B2C2272000B9BED /* Debug */ = {
			isa = XCBuildConfiguration;
			buildSettings = {
				ASSETCATALOG_COMPILER_APPICON_NAME = AppIcon;
				INFOPLIST_FILE = RottenTomatoes/Info.plist;
				LD_RUNPATH_SEARCH_PATHS = "$(inherited) @executable_path/Frameworks";
				PRODUCT_NAME = "$(TARGET_NAME)";
			};
			name = Debug;
		};
		29B320281B2C2272000B9BED /* Release */ = {
			isa = XCBuildConfiguration;
			buildSettings = {
				ASSETCATALOG_COMPILER_APPICON_NAME = AppIcon;
				INFOPLIST_FILE = RottenTomatoes/Info.plist;
				LD_RUNPATH_SEARCH_PATHS = "$(inherited) @executable_path/Frameworks";
				PRODUCT_NAME = "$(TARGET_NAME)";
			};
			name = Release;
		};
		29B3202A1B2C2272000B9BED /* Debug */ = {
			isa = XCBuildConfiguration;
			buildSettings = {
				BUNDLE_LOADER = "$(TEST_HOST)";
				FRAMEWORK_SEARCH_PATHS = (
					"$(SDKROOT)/Developer/Library/Frameworks",
					"$(inherited)",
				);
				GCC_PREPROCESSOR_DEFINITIONS = (
					"DEBUG=1",
					"$(inherited)",
				);
				INFOPLIST_FILE = RottenTomatoesTests/Info.plist;
				LD_RUNPATH_SEARCH_PATHS = "$(inherited) @executable_path/Frameworks @loader_path/Frameworks";
				PRODUCT_NAME = "$(TARGET_NAME)";
				TEST_HOST = "$(BUILT_PRODUCTS_DIR)/RottenTomatoes.app/RottenTomatoes";
			};
			name = Debug;
		};
		29B3202B1B2C2272000B9BED /* Release */ = {
			isa = XCBuildConfiguration;
			buildSettings = {
				BUNDLE_LOADER = "$(TEST_HOST)";
				FRAMEWORK_SEARCH_PATHS = (
					"$(SDKROOT)/Developer/Library/Frameworks",
					"$(inherited)",
				);
				INFOPLIST_FILE = RottenTomatoesTests/Info.plist;
				LD_RUNPATH_SEARCH_PATHS = "$(inherited) @executable_path/Frameworks @loader_path/Frameworks";
				PRODUCT_NAME = "$(TARGET_NAME)";
				TEST_HOST = "$(BUILT_PRODUCTS_DIR)/RottenTomatoes.app/RottenTomatoes";
			};
			name = Release;
		};
/* End XCBuildConfiguration section */

/* Begin XCConfigurationList section */
		29B31FFE1B2C2272000B9BED /* Build configuration list for PBXProject "RottenTomatoes" */ = {
			isa = XCConfigurationList;
			buildConfigurations = (
				29B320241B2C2272000B9BED /* Debug */,
				29B320251B2C2272000B9BED /* Release */,
			);
			defaultConfigurationIsVisible = 0;
			defaultConfigurationName = Release;
		};
		29B320261B2C2272000B9BED /* Build configuration list for PBXNativeTarget "RottenTomatoes" */ = {
			isa = XCConfigurationList;
			buildConfigurations = (
				29B320271B2C2272000B9BED /* Debug */,
				29B320281B2C2272000B9BED /* Release */,
			);
			defaultConfigurationIsVisible = 0;
		};
		29B320291B2C2272000B9BED /* Build configuration list for PBXNativeTarget "RottenTomatoesTests" */ = {
			isa = XCConfigurationList;
			buildConfigurations = (
				29B3202A1B2C2272000B9BED /* Debug */,
				29B3202B1B2C2272000B9BED /* Release */,
			);
			defaultConfigurationIsVisible = 0;
		};
/* End XCConfigurationList section */
	};
	rootObject = 29B31FFB1B2C2272000B9BED /* Project object */;
}
